# This file is autogenerated, do not edit; changes may be undone by the next 'dep ensure'.


[[projects]]
  name = "github.com/codegangsta/cli"
  packages = ["."]
  revision = "71f57d300dd6a780ac1856c005c4b518cfd498ec"
  version = "v1.14.0"

[[projects]]
  name = "github.com/hashicorp/go-version"
  packages = ["."]
  revision = "2e7f5ea8e27bb3fdf9baa0881d16757ac4637332"

[solve-meta]
  analyzer-name = "dep"
  analyzer-version = 1
  inputs-digest = "1cddc558a1d7a96f9a023c09dcc0753da855e8396aea95b14dc388c4c96c515d"
  solver-name = "gps-cdcl"
  solver-version = 1
